
Microsoft Visual Studio Solution File, Format Version 12.00
# Visual Studio Version 16
VisualStudioVersion = 16.0.30128.74
MinimumVisualStudioVersion = 10.0.40219.1
Project("{9A19103F-16F7-4668-BE54-9A1E7A4F7556}") = "Cofoundry.Plugins.Azure", "src\Cofoundry.Plugins.Azure\Cofoundry.Plugins.Azure.csproj", "{47B6C7FF-D712-4C6D-8401-13F1FF522F52}"
EndProject
Project("{FAE04EC0-301F-11D3-BF4B-00C04F79EFBC}") = "Cofoundry.Plugins.Azure.Tests", "test\Cofoundry.Plugins.Azure.Tests\Cofoundry.Plugins.Azure.Tests.csproj", "{D7AB805A-52E1-4907-8EB0-3B67D1FE99BC}"
EndProject
Global
	GlobalSection(SolutionConfigurationPlatforms) = preSolution
		Debug|Any CPU = Debug|Any CPU
		Release|Any CPU = Release|Any CPU
	EndGlobalSection
	GlobalSection(ProjectConfigurationPlatforms) = postSolution
		{47B6C7FF-D712-4C6D-8401-13F1FF522F52}.Debug|Any CPU.ActiveCfg = Debug|Any CPU
		{47B6C7FF-D712-4C6D-8401-13F1FF522F52}.Debug|Any CPU.Build.0 = Debug|Any CPU
		{47B6C7FF-D712-4C6D-8401-13F1FF522F52}.Release|Any CPU.ActiveCfg = Release|Any CPU
		{47B6C7FF-D712-4C6D-8401-13F1FF522F52}.Release|Any CPU.Build.0 = Release|Any CPU
		{D7AB805A-52E1-4907-8EB0-3B67D1FE99BC}.Debug|Any CPU.ActiveCfg = Debug|Any CPU
		{D7AB805A-52E1-4907-8EB0-3B67D1FE99BC}.Debug|Any CPU.Build.0 = Debug|Any CPU
		{D7AB805A-52E1-4907-8EB0-3B67D1FE99BC}.Release|Any CPU.ActiveCfg = Release|Any CPU
		{D7AB805A-52E1-4907-8EB0-3B67D1FE99BC}.Release|Any CPU.Build.0 = Release|Any CPU
	EndGlobalSection
	GlobalSection(SolutionProperties) = preSolution
		HideSolutionNode = FALSE
	EndGlobalSection
	GlobalSection(ExtensibilityGlobals) = postSolution
		SolutionGuid = {E7C4B62A-310D-46E2-AA3E-2FA8DC32216C}
	EndGlobalSection
EndGlobal
