
Microsoft Visual Studio Solution File, Format Version 12.00
# Visual Studio 14
VisualStudioVersion = 14.0.25123.0
MinimumVisualStudioVersion = 10.0.40219.1
Project("{FAE04EC0-301F-11D3-BF4B-00C04F79EFBC}") = "Cofoundry.Plugins.Azure", "Cofoundry.Plugins.Azure\Cofoundry.Plugins.Azure.csproj", "{23CE3B8F-15D0-48BD-9DBF-D4C40A990469}"
EndProject
Global
	GlobalSection(SolutionConfigurationPlatforms) = preSolution
		Debug|Any CPU = Debug|Any CPU
		Release|Any CPU = Release|Any CPU
	EndGlobalSection
	GlobalSection(ProjectConfigurationPlatforms) = postSolution
		{23CE3B8F-15D0-48BD-9DBF-D4C40A990469}.Debug|Any CPU.ActiveCfg = Debug|Any CPU
		{23CE3B8F-15D0-48BD-9DBF-D4C40A990469}.Debug|Any CPU.Build.0 = Debug|Any CPU
		{23CE3B8F-15D0-48BD-9DBF-D4C40A990469}.Release|Any CPU.ActiveCfg = Release|Any CPU
		{23CE3B8F-15D0-48BD-9DBF-D4C40A990469}.Release|Any CPU.Build.0 = Release|Any CPU
	EndGlobalSection
	GlobalSection(SolutionProperties) = preSolution
		HideSolutionNode = FALSE
	EndGlobalSection
EndGlobal
